
Microsoft Visual Studio Solution File, Format Version 12.00
# Visual Studio Version 17
VisualStudioVersion = 17.0.31903.59
MinimumVisualStudioVersion = 10.0.40219.1
Project("{2150E333-8FDC-42A3-9474-1A3956D46DE8}") = "~ToolFIles", "~ToolFIles", "{02EA681E-C7D8-13C7-8484-4AC65E1B71E8}"
	ProjectSection(SolutionItems) = preProject
		.editorconfig = .editorconfig
		dev.readme.md = dev.readme.md
		Directory.Build.props = Directory.Build.props
		Directory.Packages.props = Directory.Packages.props
	EndProjectSection
EndProject
Project("{FAE04EC0-301F-11D3-BF4B-00C04F79EFBC}") = "Lib.Cosmos", "Lib.Cosmos\Lib.Cosmos.csproj", "{BE6F671B-6515-4BD7-B020-4C7C5B23AD12}"
EndProject
Project("{FAE04EC0-301F-11D3-BF4B-00C04F79EFBC}") = "Lib.Cosmos.Tests", "Lib.Cosmos.Tests\Lib.Cosmos.Tests.csproj", "{B65077C3-2D0E-434F-8C26-D4E112595A48}"
EndProject
Project("{FAE04EC0-301F-11D3-BF4B-00C04F79EFBC}") = "Lib.Universal", "Lib.Universal\Lib.Universal.csproj", "{3BAF3394-F782-4F51-BD7F-1906B8067C02}"
EndProject
Project("{FAE04EC0-301F-11D3-BF4B-00C04F79EFBC}") = "Lib.Universal.Tests", "Lib.Universal.Tests\Lib.Universal.Tests.csproj", "{8A0DAE97-1AB6-4165-8166-872D37B61E9B}"
EndProject
Project("{FAE04EC0-301F-11D3-BF4B-00C04F79EFBC}") = "TestConvenience.Universal", "TestConvenience.Universal\TestConvenience.Universal.csproj", "{AF53F005-E113-44F7-B987-91CBDDC0CBBF}"
EndProject
Global
	GlobalSection(SolutionConfigurationPlatforms) = preSolution
		Debug|Any CPU = Debug|Any CPU
		Debug|x64 = Debug|x64
		Debug|x86 = Debug|x86
		Release|Any CPU = Release|Any CPU
		Release|x64 = Release|x64
		Release|x86 = Release|x86
	EndGlobalSection
	GlobalSection(ProjectConfigurationPlatforms) = postSolution
		{BE6F671B-6515-4BD7-B020-4C7C5B23AD12}.Debug|Any CPU.ActiveCfg = Debug|Any CPU
		{BE6F671B-6515-4BD7-B020-4C7C5B23AD12}.Debug|Any CPU.Build.0 = Debug|Any CPU
		{BE6F671B-6515-4BD7-B020-4C7C5B23AD12}.Debug|x64.ActiveCfg = Debug|Any CPU
		{BE6F671B-6515-4BD7-B020-4C7C5B23AD12}.Debug|x64.Build.0 = Debug|Any CPU
		{BE6F671B-6515-4BD7-B020-4C7C5B23AD12}.Debug|x86.ActiveCfg = Debug|Any CPU
		{BE6F671B-6515-4BD7-B020-4C7C5B23AD12}.Debug|x86.Build.0 = Debug|Any CPU
		{BE6F671B-6515-4BD7-B020-4C7C5B23AD12}.Release|Any CPU.ActiveCfg = Release|Any CPU
		{BE6F671B-6515-4BD7-B020-4C7C5B23AD12}.Release|Any CPU.Build.0 = Release|Any CPU
		{BE6F671B-6515-4BD7-B020-4C7C5B23AD12}.Release|x64.ActiveCfg = Release|Any CPU
		{BE6F671B-6515-4BD7-B020-4C7C5B23AD12}.Release|x64.Build.0 = Release|Any CPU
		{BE6F671B-6515-4BD7-B020-4C7C5B23AD12}.Release|x86.ActiveCfg = Release|Any CPU
		{BE6F671B-6515-4BD7-B020-4C7C5B23AD12}.Release|x86.Build.0 = Release|Any CPU
		{B65077C3-2D0E-434F-8C26-D4E112595A48}.Debug|Any CPU.ActiveCfg = Debug|Any CPU
		{B65077C3-2D0E-434F-8C26-D4E112595A48}.Debug|Any CPU.Build.0 = Debug|Any CPU
		{B65077C3-2D0E-434F-8C26-D4E112595A48}.Debug|x64.ActiveCfg = Debug|Any CPU
		{B65077C3-2D0E-434F-8C26-D4E112595A48}.Debug|x64.Build.0 = Debug|Any CPU
		{B65077C3-2D0E-434F-8C26-D4E112595A48}.Debug|x86.ActiveCfg = Debug|Any CPU
		{B65077C3-2D0E-434F-8C26-D4E112595A48}.Debug|x86.Build.0 = Debug|Any CPU
		{B65077C3-2D0E-434F-8C26-D4E112595A48}.Release|Any CPU.ActiveCfg = Release|Any CPU
		{B65077C3-2D0E-434F-8C26-D4E112595A48}.Release|Any CPU.Build.0 = Release|Any CPU
		{B65077C3-2D0E-434F-8C26-D4E112595A48}.Release|x64.ActiveCfg = Release|Any CPU
		{B65077C3-2D0E-434F-8C26-D4E112595A48}.Release|x64.Build.0 = Release|Any CPU
		{B65077C3-2D0E-434F-8C26-D4E112595A48}.Release|x86.ActiveCfg = Release|Any CPU
		{B65077C3-2D0E-434F-8C26-D4E112595A48}.Release|x86.Build.0 = Release|Any CPU
		{3BAF3394-F782-4F51-BD7F-1906B8067C02}.Debug|Any CPU.ActiveCfg = Debug|Any CPU
		{3BAF3394-F782-4F51-BD7F-1906B8067C02}.Debug|Any CPU.Build.0 = Debug|Any CPU
		{3BAF3394-F782-4F51-BD7F-1906B8067C02}.Debug|x64.ActiveCfg = Debug|Any CPU
		{3BAF3394-F782-4F51-BD7F-1906B8067C02}.Debug|x64.Build.0 = Debug|Any CPU
		{3BAF3394-F782-4F51-BD7F-1906B8067C02}.Debug|x86.ActiveCfg = Debug|Any CPU
		{3BAF3394-F782-4F51-BD7F-1906B8067C02}.Debug|x86.Build.0 = Debug|Any CPU
		{3BAF3394-F782-4F51-BD7F-1906B8067C02}.Release|Any CPU.ActiveCfg = Release|Any CPU
		{3BAF3394-F782-4F51-BD7F-1906B8067C02}.Release|Any CPU.Build.0 = Release|Any CPU
		{3BAF3394-F782-4F51-BD7F-1906B8067C02}.Release|x64.ActiveCfg = Release|Any CPU
		{3BAF3394-F782-4F51-BD7F-1906B8067C02}.Release|x64.Build.0 = Release|Any CPU
		{3BAF3394-F782-4F51-BD7F-1906B8067C02}.Release|x86.ActiveCfg = Release|Any CPU
		{3BAF3394-F782-4F51-BD7F-1906B8067C02}.Release|x86.Build.0 = Release|Any CPU
		{8A0DAE97-1AB6-4165-8166-872D37B61E9B}.Debug|Any CPU.ActiveCfg = Debug|Any CPU
		{8A0DAE97-1AB6-4165-8166-872D37B61E9B}.Debug|Any CPU.Build.0 = Debug|Any CPU
		{8A0DAE97-1AB6-4165-8166-872D37B61E9B}.Debug|x64.ActiveCfg = Debug|Any CPU
		{8A0DAE97-1AB6-4165-8166-872D37B61E9B}.Debug|x64.Build.0 = Debug|Any CPU
		{8A0DAE97-1AB6-4165-8166-872D37B61E9B}.Debug|x86.ActiveCfg = Debug|Any CPU
		{8A0DAE97-1AB6-4165-8166-872D37B61E9B}.Debug|x86.Build.0 = Debug|Any CPU
		{8A0DAE97-1AB6-4165-8166-872D37B61E9B}.Release|Any CPU.ActiveCfg = Release|Any CPU
		{8A0DAE97-1AB6-4165-8166-872D37B61E9B}.Release|Any CPU.Build.0 = Release|Any CPU
		{8A0DAE97-1AB6-4165-8166-872D37B61E9B}.Release|x64.ActiveCfg = Release|Any CPU
		{8A0DAE97-1AB6-4165-8166-872D37B61E9B}.Release|x64.Build.0 = Release|Any CPU
		{8A0DAE97-1AB6-4165-8166-872D37B61E9B}.Release|x86.ActiveCfg = Release|Any CPU
		{8A0DAE97-1AB6-4165-8166-872D37B61E9B}.Release|x86.Build.0 = Release|Any CPU
		{AF53F005-E113-44F7-B987-91CBDDC0CBBF}.Debug|Any CPU.ActiveCfg = Debug|Any CPU
		{AF53F005-E113-44F7-B987-91CBDDC0CBBF}.Debug|Any CPU.Build.0 = Debug|Any CPU
		{AF53F005-E113-44F7-B987-91CBDDC0CBBF}.Debug|x64.ActiveCfg = Debug|Any CPU
		{AF53F005-E113-44F7-B987-91CBDDC0CBBF}.Debug|x64.Build.0 = Debug|Any CPU
		{AF53F005-E113-44F7-B987-91CBDDC0CBBF}.Debug|x86.ActiveCfg = Debug|Any CPU
		{AF53F005-E113-44F7-B987-91CBDDC0CBBF}.Debug|x86.Build.0 = Debug|Any CPU
		{AF53F005-E113-44F7-B987-91CBDDC0CBBF}.Release|Any CPU.ActiveCfg = Release|Any CPU
		{AF53F005-E113-44F7-B987-91CBDDC0CBBF}.Release|Any CPU.Build.0 = Release|Any CPU
		{AF53F005-E113-44F7-B987-91CBDDC0CBBF}.Release|x64.ActiveCfg = Release|Any CPU
		{AF53F005-E113-44F7-B987-91CBDDC0CBBF}.Release|x64.Build.0 = Release|Any CPU
		{AF53F005-E113-44F7-B987-91CBDDC0CBBF}.Release|x86.ActiveCfg = Release|Any CPU
		{AF53F005-E113-44F7-B987-91CBDDC0CBBF}.Release|x86.Build.0 = Release|Any CPU
	EndGlobalSection
	GlobalSection(SolutionProperties) = preSolution
		HideSolutionNode = FALSE
	EndGlobalSection
	GlobalSection(ExtensibilityGlobals) = postSolution
		SolutionGuid = {9A1B3EB9-6365-4C79-B182-D798BA0F5522}
	EndGlobalSection
EndGlobal
